
Microsoft Visual Studio Solution File, Format Version 12.00
# Visual Studio 15
VisualStudioVersion = 15.0.27428.2005
MinimumVisualStudioVersion = 10.0.40219.1
Project("{FAE04EC0-301F-11D3-BF4B-00C04F79EFBC}") = "AzureProject2", "AzureProject2\AzureProject2.csproj", "{10589A08-F580-41DE-851F-EE10D164ADCE}"
EndProject
Global
	GlobalSection(SolutionConfigurationPlatforms) = preSolution
		Debug|Any CPU = Debug|Any CPU
		Release|Any CPU = Release|Any CPU
	EndGlobalSection
	GlobalSection(ProjectConfigurationPlatforms) = postSolution
		{10589A08-F580-41DE-851F-EE10D164ADCE}.Debug|Any CPU.ActiveCfg = Debug|Any CPU
		{10589A08-F580-41DE-851F-EE10D164ADCE}.Debug|Any CPU.Build.0 = Debug|Any CPU
		{10589A08-F580-41DE-851F-EE10D164ADCE}.Release|Any CPU.ActiveCfg = Release|Any CPU
		{10589A08-F580-41DE-851F-EE10D164ADCE}.Release|Any CPU.Build.0 = Release|Any CPU
	EndGlobalSection
	GlobalSection(SolutionProperties) = preSolution
		HideSolutionNode = FALSE
	EndGlobalSection
	GlobalSection(ExtensibilityGlobals) = postSolution
		SolutionGuid = {F2ACCA00-3AB3-45C7-A0C4-CDC43183BCFF}
	EndGlobalSection
EndGlobal
